
Microsoft Visual Studio Solution File, Format Version 12.00
# Visual Studio 2013
VisualStudioVersion = 12.0.30723.0
MinimumVisualStudioVersion = 10.0.40219.1
Project("{FAE04EC0-301F-11D3-BF4B-00C04F79EFBC}") = "Inventory.Tools", "Inventory.Tools\Inventory.Tools.csproj", "{932A61F6-983D-44C8-935B-E36C02DA4124}"
EndProject
Project("{FAE04EC0-301F-11D3-BF4B-00C04F79EFBC}") = "Inventory.Models", "Inventory.Models\Inventory.Models.csproj", "{9E15CC8C-9B52-49F9-8544-7FC76FACCE05}"
EndProject
Project("{FAE04EC0-301F-11D3-BF4B-00C04F79EFBC}") = "Inventory.Data", "Inventory.Data\Inventory.Data.csproj", "{C1B8669B-AC9A-4FE1-94B2-FC804AAA739B}"
EndProject
Project("{FAE04EC0-301F-11D3-BF4B-00C04F79EFBC}") = "Inventory.Data.Interfaces", "Inventory.Data.Interfaces\Inventory.Data.Interfaces.csproj", "{3C204A49-B70C-4DAB-89A4-BAB0EEA7A257}"
EndProject
Project("{FAE04EC0-301F-11D3-BF4B-00C04F79EFBC}") = "Inventory.Managers.Factory", "Inventory.ManagerFactory\Inventory.Managers.Factory.csproj", "{C459BF17-CCCB-4D42-8099-E6849FCC9C41}"
EndProject
Project("{FAE04EC0-301F-11D3-BF4B-00C04F79EFBC}") = "Inventory.Data.Factory", "Inventory.Data.Factory\Inventory.Data.Factory.csproj", "{9F262594-1B2A-4ED8-A549-FC34C1B6C7B6}"
EndProject
Project("{FAE04EC0-301F-11D3-BF4B-00C04F79EFBC}") = "Inventory.Managers", "Inventory.Managers\Inventory.Managers.csproj", "{9BCDE153-A095-430E-A92A-575F50C51D3F}"
EndProject
Project("{FAE04EC0-301F-11D3-BF4B-00C04F79EFBC}") = "Inventory.WPF", "Inventory.WPF\Inventory.WPF.csproj", "{63072920-C094-40B8-A775-5B530E3C556C}"
EndProject
Project("{FAE04EC0-301F-11D3-BF4B-00C04F79EFBC}") = "TestHarness", "UnitTestProject1\TestHarness.csproj", "{6253784F-6272-40A7-A7D1-03A27FEB30B4}"
EndProject
Project("{6141683F-8A12-4E36-9623-2EB02B2C2303}") = "Setup", "Setup\Setup.isproj", "{501F04A9-2D1C-42CC-9EE1-765B34FC0CC7}"
	ProjectSection(ProjectDependencies) = postProject
		{C459BF17-CCCB-4D42-8099-E6849FCC9C41} = {C459BF17-CCCB-4D42-8099-E6849FCC9C41}
		{3C204A49-B70C-4DAB-89A4-BAB0EEA7A257} = {3C204A49-B70C-4DAB-89A4-BAB0EEA7A257}
		{9BCDE153-A095-430E-A92A-575F50C51D3F} = {9BCDE153-A095-430E-A92A-575F50C51D3F}
		{9E15CC8C-9B52-49F9-8544-7FC76FACCE05} = {9E15CC8C-9B52-49F9-8544-7FC76FACCE05}
		{9F262594-1B2A-4ED8-A549-FC34C1B6C7B6} = {9F262594-1B2A-4ED8-A549-FC34C1B6C7B6}
		{C1B8669B-AC9A-4FE1-94B2-FC804AAA739B} = {C1B8669B-AC9A-4FE1-94B2-FC804AAA739B}
	EndProjectSection
EndProject
Global
	GlobalSection(SolutionConfigurationPlatforms) = preSolution
		CD_ROM|Any CPU = CD_ROM|Any CPU
		Debug|Any CPU = Debug|Any CPU
		DVD-5|Any CPU = DVD-5|Any CPU
		Release|Any CPU = Release|Any CPU
		SingleImage|Any CPU = SingleImage|Any CPU
	EndGlobalSection
	GlobalSection(ProjectConfigurationPlatforms) = postSolution
		{932A61F6-983D-44C8-935B-E36C02DA4124}.CD_ROM|Any CPU.ActiveCfg = Release|Any CPU
		{932A61F6-983D-44C8-935B-E36C02DA4124}.CD_ROM|Any CPU.Build.0 = Release|Any CPU
		{932A61F6-983D-44C8-935B-E36C02DA4124}.Debug|Any CPU.ActiveCfg = Debug|Any CPU
		{932A61F6-983D-44C8-935B-E36C02DA4124}.Debug|Any CPU.Build.0 = Debug|Any CPU
		{932A61F6-983D-44C8-935B-E36C02DA4124}.DVD-5|Any CPU.ActiveCfg = Debug|Any CPU
		{932A61F6-983D-44C8-935B-E36C02DA4124}.DVD-5|Any CPU.Build.0 = Debug|Any CPU
		{932A61F6-983D-44C8-935B-E36C02DA4124}.Release|Any CPU.ActiveCfg = Release|Any CPU
		{932A61F6-983D-44C8-935B-E36C02DA4124}.Release|Any CPU.Build.0 = Release|Any CPU
		{932A61F6-983D-44C8-935B-E36C02DA4124}.SingleImage|Any CPU.ActiveCfg = Release|Any CPU
		{932A61F6-983D-44C8-935B-E36C02DA4124}.SingleImage|Any CPU.Build.0 = Release|Any CPU
		{9E15CC8C-9B52-49F9-8544-7FC76FACCE05}.CD_ROM|Any CPU.ActiveCfg = Release|Any CPU
		{9E15CC8C-9B52-49F9-8544-7FC76FACCE05}.CD_ROM|Any CPU.Build.0 = Release|Any CPU
		{9E15CC8C-9B52-49F9-8544-7FC76FACCE05}.Debug|Any CPU.ActiveCfg = Debug|Any CPU
		{9E15CC8C-9B52-49F9-8544-7FC76FACCE05}.Debug|Any CPU.Build.0 = Debug|Any CPU
		{9E15CC8C-9B52-49F9-8544-7FC76FACCE05}.DVD-5|Any CPU.ActiveCfg = Debug|Any CPU
		{9E15CC8C-9B52-49F9-8544-7FC76FACCE05}.DVD-5|Any CPU.Build.0 = Debug|Any CPU
		{9E15CC8C-9B52-49F9-8544-7FC76FACCE05}.Release|Any CPU.ActiveCfg = Release|Any CPU
		{9E15CC8C-9B52-49F9-8544-7FC76FACCE05}.Release|Any CPU.Build.0 = Release|Any CPU
		{9E15CC8C-9B52-49F9-8544-7FC76FACCE05}.SingleImage|Any CPU.ActiveCfg = Release|Any CPU
		{9E15CC8C-9B52-49F9-8544-7FC76FACCE05}.SingleImage|Any CPU.Build.0 = Release|Any CPU
		{C1B8669B-AC9A-4FE1-94B2-FC804AAA739B}.CD_ROM|Any CPU.ActiveCfg = Release|Any CPU
		{C1B8669B-AC9A-4FE1-94B2-FC804AAA739B}.CD_ROM|Any CPU.Build.0 = Release|Any CPU
		{C1B8669B-AC9A-4FE1-94B2-FC804AAA739B}.Debug|Any CPU.ActiveCfg = Debug|Any CPU
		{C1B8669B-AC9A-4FE1-94B2-FC804AAA739B}.Debug|Any CPU.Build.0 = Debug|Any CPU
		{C1B8669B-AC9A-4FE1-94B2-FC804AAA739B}.DVD-5|Any CPU.ActiveCfg = Debug|Any CPU
		{C1B8669B-AC9A-4FE1-94B2-FC804AAA739B}.DVD-5|Any CPU.Build.0 = Debug|Any CPU
		{C1B8669B-AC9A-4FE1-94B2-FC804AAA739B}.Release|Any CPU.ActiveCfg = Release|Any CPU
		{C1B8669B-AC9A-4FE1-94B2-FC804AAA739B}.Release|Any CPU.Build.0 = Release|Any CPU
		{C1B8669B-AC9A-4FE1-94B2-FC804AAA739B}.SingleImage|Any CPU.ActiveCfg = Release|Any CPU
		{C1B8669B-AC9A-4FE1-94B2-FC804AAA739B}.SingleImage|Any CPU.Build.0 = Release|Any CPU
		{3C204A49-B70C-4DAB-89A4-BAB0EEA7A257}.CD_ROM|Any CPU.ActiveCfg = Release|Any CPU
		{3C204A49-B70C-4DAB-89A4-BAB0EEA7A257}.CD_ROM|Any CPU.Build.0 = Release|Any CPU
		{3C204A49-B70C-4DAB-89A4-BAB0EEA7A257}.Debug|Any CPU.ActiveCfg = Debug|Any CPU
		{3C204A49-B70C-4DAB-89A4-BAB0EEA7A257}.Debug|Any CPU.Build.0 = Debug|Any CPU
		{3C204A49-B70C-4DAB-89A4-BAB0EEA7A257}.DVD-5|Any CPU.ActiveCfg = Debug|Any CPU
		{3C204A49-B70C-4DAB-89A4-BAB0EEA7A257}.DVD-5|Any CPU.Build.0 = Debug|Any CPU
		{3C204A49-B70C-4DAB-89A4-BAB0EEA7A257}.Release|Any CPU.ActiveCfg = Release|Any CPU
		{3C204A49-B70C-4DAB-89A4-BAB0EEA7A257}.Release|Any CPU.Build.0 = Release|Any CPU
		{3C204A49-B70C-4DAB-89A4-BAB0EEA7A257}.SingleImage|Any CPU.ActiveCfg = Release|Any CPU
		{3C204A49-B70C-4DAB-89A4-BAB0EEA7A257}.SingleImage|Any CPU.Build.0 = Release|Any CPU
		{C459BF17-CCCB-4D42-8099-E6849FCC9C41}.CD_ROM|Any CPU.ActiveCfg = Release|Any CPU
		{C459BF17-CCCB-4D42-8099-E6849FCC9C41}.CD_ROM|Any CPU.Build.0 = Release|Any CPU
		{C459BF17-CCCB-4D42-8099-E6849FCC9C41}.Debug|Any CPU.ActiveCfg = Debug|Any CPU
		{C459BF17-CCCB-4D42-8099-E6849FCC9C41}.Debug|Any CPU.Build.0 = Debug|Any CPU
		{C459BF17-CCCB-4D42-8099-E6849FCC9C41}.DVD-5|Any CPU.ActiveCfg = Debug|Any CPU
		{C459BF17-CCCB-4D42-8099-E6849FCC9C41}.DVD-5|Any CPU.Build.0 = Debug|Any CPU
		{C459BF17-CCCB-4D42-8099-E6849FCC9C41}.Release|Any CPU.ActiveCfg = Release|Any CPU
		{C459BF17-CCCB-4D42-8099-E6849FCC9C41}.Release|Any CPU.Build.0 = Release|Any CPU
		{C459BF17-CCCB-4D42-8099-E6849FCC9C41}.SingleImage|Any CPU.ActiveCfg = Release|Any CPU
		{C459BF17-CCCB-4D42-8099-E6849FCC9C41}.SingleImage|Any CPU.Build.0 = Release|Any CPU
		{9F262594-1B2A-4ED8-A549-FC34C1B6C7B6}.CD_ROM|Any CPU.ActiveCfg = Release|Any CPU
		{9F262594-1B2A-4ED8-A549-FC34C1B6C7B6}.CD_ROM|Any CPU.Build.0 = Release|Any CPU
		{9F262594-1B2A-4ED8-A549-FC34C1B6C7B6}.Debug|Any CPU.ActiveCfg = Debug|Any CPU
		{9F262594-1B2A-4ED8-A549-FC34C1B6C7B6}.Debug|Any CPU.Build.0 = Debug|Any CPU
		{9F262594-1B2A-4ED8-A549-FC34C1B6C7B6}.DVD-5|Any CPU.ActiveCfg = Debug|Any CPU
		{9F262594-1B2A-4ED8-A549-FC34C1B6C7B6}.DVD-5|Any CPU.Build.0 = Debug|Any CPU
		{9F262594-1B2A-4ED8-A549-FC34C1B6C7B6}.Release|Any CPU.ActiveCfg = Release|Any CPU
		{9F262594-1B2A-4ED8-A549-FC34C1B6C7B6}.Release|Any CPU.Build.0 = Release|Any CPU
		{9F262594-1B2A-4ED8-A549-FC34C1B6C7B6}.SingleImage|Any CPU.ActiveCfg = Release|Any CPU
		{9F262594-1B2A-4ED8-A549-FC34C1B6C7B6}.SingleImage|Any CPU.Build.0 = Release|Any CPU
		{9BCDE153-A095-430E-A92A-575F50C51D3F}.CD_ROM|Any CPU.ActiveCfg = Release|Any CPU
		{9BCDE153-A095-430E-A92A-575F50C51D3F}.CD_ROM|Any CPU.Build.0 = Release|Any CPU
		{9BCDE153-A095-430E-A92A-575F50C51D3F}.Debug|Any CPU.ActiveCfg = Debug|Any CPU
		{9BCDE153-A095-430E-A92A-575F50C51D3F}.Debug|Any CPU.Build.0 = Debug|Any CPU
		{9BCDE153-A095-430E-A92A-575F50C51D3F}.DVD-5|Any CPU.ActiveCfg = Debug|Any CPU
		{9BCDE153-A095-430E-A92A-575F50C51D3F}.DVD-5|Any CPU.Build.0 = Debug|Any CPU
		{9BCDE153-A095-430E-A92A-575F50C51D3F}.Release|Any CPU.ActiveCfg = Release|Any CPU
		{9BCDE153-A095-430E-A92A-575F50C51D3F}.Release|Any CPU.Build.0 = Release|Any CPU
		{9BCDE153-A095-430E-A92A-575F50C51D3F}.SingleImage|Any CPU.ActiveCfg = Release|Any CPU
		{9BCDE153-A095-430E-A92A-575F50C51D3F}.SingleImage|Any CPU.Build.0 = Release|Any CPU
		{63072920-C094-40B8-A775-5B530E3C556C}.CD_ROM|Any CPU.ActiveCfg = Release|Any CPU
		{63072920-C094-40B8-A775-5B530E3C556C}.CD_ROM|Any CPU.Build.0 = Release|Any CPU
		{63072920-C094-40B8-A775-5B530E3C556C}.Debug|Any CPU.ActiveCfg = Debug|Any CPU
		{63072920-C094-40B8-A775-5B530E3C556C}.Debug|Any CPU.Build.0 = Debug|Any CPU
		{63072920-C094-40B8-A775-5B530E3C556C}.DVD-5|Any CPU.ActiveCfg = Debug|Any CPU
		{63072920-C094-40B8-A775-5B530E3C556C}.DVD-5|Any CPU.Build.0 = Debug|Any CPU
		{63072920-C094-40B8-A775-5B530E3C556C}.Release|Any CPU.ActiveCfg = Release|Any CPU
		{63072920-C094-40B8-A775-5B530E3C556C}.Release|Any CPU.Build.0 = Release|Any CPU
		{63072920-C094-40B8-A775-5B530E3C556C}.SingleImage|Any CPU.ActiveCfg = Release|Any CPU
		{63072920-C094-40B8-A775-5B530E3C556C}.SingleImage|Any CPU.Build.0 = Release|Any CPU
		{6253784F-6272-40A7-A7D1-03A27FEB30B4}.CD_ROM|Any CPU.ActiveCfg = Release|Any CPU
		{6253784F-6272-40A7-A7D1-03A27FEB30B4}.CD_ROM|Any CPU.Build.0 = Release|Any CPU
		{6253784F-6272-40A7-A7D1-03A27FEB30B4}.Debug|Any CPU.ActiveCfg = Debug|Any CPU
		{6253784F-6272-40A7-A7D1-03A27FEB30B4}.Debug|Any CPU.Build.0 = Debug|Any CPU
		{6253784F-6272-40A7-A7D1-03A27FEB30B4}.DVD-5|Any CPU.ActiveCfg = Debug|Any CPU
		{6253784F-6272-40A7-A7D1-03A27FEB30B4}.DVD-5|Any CPU.Build.0 = Debug|Any CPU
		{6253784F-6272-40A7-A7D1-03A27FEB30B4}.Release|Any CPU.ActiveCfg = Release|Any CPU
		{6253784F-6272-40A7-A7D1-03A27FEB30B4}.Release|Any CPU.Build.0 = Release|Any CPU
		{6253784F-6272-40A7-A7D1-03A27FEB30B4}.SingleImage|Any CPU.ActiveCfg = Release|Any CPU
		{6253784F-6272-40A7-A7D1-03A27FEB30B4}.SingleImage|Any CPU.Build.0 = Release|Any CPU
		{501F04A9-2D1C-42CC-9EE1-765B34FC0CC7}.CD_ROM|Any CPU.ActiveCfg = CD_ROM
		{501F04A9-2D1C-42CC-9EE1-765B34FC0CC7}.CD_ROM|Any CPU.Build.0 = CD_ROM
		{501F04A9-2D1C-42CC-9EE1-765B34FC0CC7}.Debug|Any CPU.ActiveCfg = DVD-5
		{501F04A9-2D1C-42CC-9EE1-765B34FC0CC7}.Debug|Any CPU.Build.0 = DVD-5
		{501F04A9-2D1C-42CC-9EE1-765B34FC0CC7}.DVD-5|Any CPU.ActiveCfg = DVD-5
		{501F04A9-2D1C-42CC-9EE1-765B34FC0CC7}.DVD-5|Any CPU.Build.0 = DVD-5
		{501F04A9-2D1C-42CC-9EE1-765B34FC0CC7}.Release|Any CPU.ActiveCfg = SingleImage
		{501F04A9-2D1C-42CC-9EE1-765B34FC0CC7}.Release|Any CPU.Build.0 = SingleImage
		{501F04A9-2D1C-42CC-9EE1-765B34FC0CC7}.SingleImage|Any CPU.ActiveCfg = SingleImage
		{501F04A9-2D1C-42CC-9EE1-765B34FC0CC7}.SingleImage|Any CPU.Build.0 = SingleImage
	EndGlobalSection
	GlobalSection(SolutionProperties) = preSolution
		HideSolutionNode = FALSE
	EndGlobalSection
EndGlobal
